// !$*UTF8*$!
{
	archiveVersion = 1;
	classes = {
	};
	objectVersion = 46;
	objects = {

/* Begin PBXBuildFile section */
		270FDBE91ED5A3D90047D162 /* AppDelegate.swift in Sources */ = {isa = PBXBuildFile; fileRef = 270FDBE81ED5A3D90047D162 /* AppDelegate.swift */; };
		270FDBEB1ED5A3D90047D162 /* ViewController.swift in Sources */ = {isa = PBXBuildFile; fileRef = 270FDBEA1ED5A3D90047D162 /* ViewController.swift */; };
		270FDBEE1ED5A3D90047D162 /* Main.storyboard in Resources */ = {isa = PBXBuildFile; fileRef = 270FDBEC1ED5A3D90047D162 /* Main.storyboard */; };
		270FDBF01ED5A3D90047D162 /* Assets.xcassets in Resources */ = {isa = PBXBuildFile; fileRef = 270FDBEF1ED5A3D90047D162 /* Assets.xcassets */; };
		270FDBF31ED5A3D90047D162 /* LaunchScreen.storyboard in Resources */ = {isa = PBXBuildFile; fileRef = 270FDBF11ED5A3D90047D162 /* LaunchScreen.storyboard */; };
/* End PBXBuildFile section */

/* Begin PBXFileReference section */
		270FDBE51ED5A3D90047D162 /* Uhome.app */ = {isa = PBXFileReference; explicitFileType = wrapper.application; includeInIndex = 0; path = Uhome.app; sourceTree = BUILT_PRODUCTS_DIR; };
		270FDBE81ED5A3D90047D162 /* AppDelegate.swift */ = {isa = PBXFileReference; lastKnownFileType = sourcecode.swift; path = AppDelegate.swift; sourceTree = "<group>"; };
		270FDBEA1ED5A3D90047D162 /* ViewController.swift */ = {isa = PBXFileReference; lastKnownFileType = sourcecode.swift; path = ViewController.swift; sourceTree = "<group>"; };
		270FDBED1ED5A3D90047D162 /* Base */ = {isa = PBXFileReference; lastKnownFileType = file.storyboard; name = Base; path = Base.lproj/Main.storyboard; sourceTree = "<group>"; };
		270FDBEF1ED5A3D90047D162 /* Assets.xcassets */ = {isa = PBXFileReference; lastKnownFileType = folder.assetcatalog; path = Assets.xcassets; sourceTree = "<group>"; };
		270FDBF21ED5A3D90047D162 /* Base */ = {isa = PBXFileReference; lastKnownFileType = file.storyboard; name = Base; path = Base.lproj/LaunchScreen.storyboard; sourceTree = "<group>"; };
		270FDBF41ED5A3D90047D162 /* Info.plist */ = {isa = PBXFileReference; lastKnownFileType = text.plist.xml; path = Info.plist; sourceTree = "<group>"; };
/* End PBXFileReference section */

/* Begin PBXFrameworksBuildPhase section */
		270FDBE21ED5A3D90047D162 /* Frameworks */ = {
			isa = PBXFrameworksBuildPhase;
			buildActionMask = 2147483647;
			files = (
			);
			runOnlyForDeploymentPostprocessing = 0;
		};
/* End PBXFrameworksBuildPhase section */

/* Begin PBXGroup section */
		270FDBDC1ED5A3D90047D162 = {
			isa = PBXGroup;
			children = (
				270FDBE71ED5A3D90047D162 /* Uhome */,
				270FDBE61ED5A3D90047D162 /* Products */,
			);
			sourceTree = "<group>";
		};
		270FDBE61ED5A3D90047D162 /* Products */ = {
			isa = PBXGroup;
			children = (
				270FDBE51ED5A3D90047D162 /* Uhome.app */,
			);
			name = Products;
			sourceTree = "<group>";
		};
		270FDBE71ED5A3D90047D162 /* Uhome */ = {
			isa = PBXGroup;
			children = (
				270FDBE81ED5A3D90047D162 /* AppDelegate.swift */,
				270FDBEA1ED5A3D90047D162 /* ViewController.swift */,
				270FDBEC1ED5A3D90047D162 /* Main.storyboard */,
				270FDBEF1ED5A3D90047D162 /* Assets.xcassets */,
				270FDBF11ED5A3D90047D162 /* LaunchScreen.storyboard */,
				270FDBF41ED5A3D90047D162 /* Info.plist */,
			);
			path = Uhome;
			sourceTree = "<group>";
		};
/* End PBXGroup section */

/* Begin PBXNativeTarget section */
		270FDBE41ED5A3D90047D162 /* Uhome */ = {
			isa = PBXNativeTarget;
			buildConfigurationList = 270FDBF71ED5A3D90047D162 /* Build configuration list for PBXNativeTarget "Uhome" */;
			buildPhases = (
				270FDBE11ED5A3D90047D162 /* Sources */,
				270FDBE21ED5A3D90047D162 /* Frameworks */,
				270FDBE31ED5A3D90047D162 /* Resources */,
			);
			buildRules = (
			);
			dependencies = (
			);
			name = Uhome;
			productName = Uhome;
			productReference = 270FDBE51ED5A3D90047D162 /* Uhome.app */;
			productType = "com.apple.product-type.application";
		};
/* End PBXNativeTarget section */

/* Begin PBXProject section */
		270FDBDD1ED5A3D90047D162 /* Project object */ = {
			isa = PBXProject;
			attributes = {
				LastSwiftUpdateCheck = 0820;
				LastUpgradeCheck = 0820;
				ORGANIZATIONNAME = menhao;
				TargetAttributes = {
					270FDBE41ED5A3D90047D162 = {
						CreatedOnToolsVersion = 8.2;
						DevelopmentTeam = FFJM4LT582;
						ProvisioningStyle = Automatic;
					};
				};
			};
			buildConfigurationList = 270FDBE01ED5A3D90047D162 /* Build configuration list for PBXProject "Uhome" */;
			compatibilityVersion = "Xcode 3.2";
			developmentRegion = English;
			hasScannedForEncodings = 0;
			knownRegions = (
				en,
				Base,
			);
			mainGroup = 270FDBDC1ED5A3D90047D162;
			productRefGroup = 270FDBE61ED5A3D90047D162 /* Products */;
			projectDirPath = "";
			projectRoot = "";
			targets = (
				270FDBE41ED5A3D90047D162 /* Uhome */,
			);
		};
/* End PBXProject section */

/* Begin PBXResourcesBuildPhase section */
		270FDBE31ED5A3D90047D162 /* Resources */ = {
			isa = PBXResourcesBuildPhase;
			buildActionMask = 2147483647;
			files = (
				270FDBF31ED5A3D90047D162 /* LaunchScreen.storyboard in Resources */,
				270FDBF01ED5A3D90047D162 /* Assets.xcassets in Resources */,
				270FDBEE1ED5A3D90047D162 /* Main.storyboard in Resources */,
			);
			runOnlyForDeploymentPostprocessing = 0;
		};
/* End PBXResourcesBuildPhase section */

/* Begin PBXSourcesBuildPhase section */
		270FDBE11ED5A3D90047D162 /* Sources */ = {
			isa = PBXSourcesBuildPhase;
			buildActionMask = 2147483647;
			files = (
				270FDBEB1ED5A3D90047D162 /* ViewController.swift in Sources */,
				270FDBE91ED5A3D90047D162 /* AppDelegate.swift in Sources */,
			);
			runOnlyForDeploymentPostprocessing = 0;
		};
/* End PBXSourcesBuildPhase section */

/* Begin PBXVariantGroup section */
		270FDBEC1ED5A3D90047D162 /* Main.storyboard */ = {
			isa = PBXVariantGroup;
			children = (
				270FDBED1ED5A3D90047D162 /* Base */,
			);
			name = Main.storyboard;
			sourceTree = "<group>";
		};
		270FDBF11ED5A3D90047D162 /* LaunchScreen.storyboard */ = {
			isa = PBXVariantGroup;
			children = (
				270FDBF21ED5A3D90047D162 /* Base */,
			);
			name = LaunchScreen.storyboard;
			sourceTree = "<group>";
		};
/* End PBXVariantGroup section */

/* Begin XCBuildConfiguration section */
		270FDBF51ED5A3D90047D162 /* Debug */ = {
			isa = XCBuildConfiguration;
			buildSettings = {
				ALWAYS_SEARCH_USER_PATHS = NO;
				CLANG_ANALYZER_NONNULL = YES;
				CLANG_CXX_LANGUAGE_STANDARD = "gnu++0x";
				CLANG_CXX_LIBRARY = "libc++";
				CLANG_ENABLE_MODULES = YES;
				CLANG_ENABLE_OBJC_ARC = YES;
				CLANG_WARN_BOOL_CONVERSION = YES;
				CLANG_WARN_CONSTANT_CONVERSION = YES;
				CLANG_WARN_DIRECT_OBJC_ISA_USAGE = YES_ERROR;
				CLANG_WARN_DOCUMENTATION_COMMENTS = YES;
				CLANG_WARN_EMPTY_BODY = YES;
				CLANG_WARN_ENUM_CONVERSION = YES;
				CLANG_WARN_INFINITE_RECURSION = YES;
				CLANG_WARN_INT_CONVERSION = YES;
				CLANG_WARN_OBJC_ROOT_CLASS = YES_ERROR;
				CLANG_WARN_SUSPICIOUS_MOVE = YES;
				CLANG_WARN_UNREACHABLE_CODE = YES;
				CLANG_WARN__DUPLICATE_METHOD_MATCH = YES;
				"CODE_SIGN_IDENTITY[sdk=iphoneos*]" = "iPhone Developer";
				COPY_PHASE_STRIP = NO;
				DEBUG_INFORMATION_FORMAT = dwarf;
				ENABLE_STRICT_OBJC_MSGSEND = YES;
				ENABLE_TESTABILITY = YES;
				GCC_C_LANGUAGE_STANDARD = gnu99;
				GCC_DYNAMIC_NO_PIC = NO;
				GCC_NO_COMMON_BLOCKS = YES;
				GCC_OPTIMIZATION_LEVEL = 0;
				GCC_PREPROCESSOR_DEFINITIONS = (
					"DEBUG=1",
					"$(inherited)",
				);
				GCC_WARN_64_TO_32_BIT_CONVERSION = YES;
				GCC_WARN_ABOUT_RETURN_TYPE = YES_ERROR;
				GCC_WARN_UNDECLARED_SELECTOR = YES;
				GCC_WARN_UNINITIALIZED_AUTOS = YES_AGGRESSIVE;
				GCC_WARN_UNUSED_FUNCTION = YES;
				GCC_WARN_UNUSED_VARIABLE = YES;
				IPHONEOS_DEPLOYMENT_TARGET = 10.2;
				MTL_ENABLE_DEBUG_INFO = YES;
				ONLY_ACTIVE_ARCH = YES;
				SDKROOT = iphoneos;
				SWIFT_ACTIVE_COMPILATION_CONDITIONS = DEBUG;
				SWIFT_OPTIMIZATION_LEVEL = "-Onone";
			};
			name = Debug;
		};
		270FDBF61ED5A3D90047D162 /* Release */ = {
			isa = XCBuildConfiguration;
			buildSettings = {
				ALWAYS_SEARCH_USER_PATHS = NO;
				CLANG_ANALYZER_NONNULL = YES;
				CLANG_CXX_LANGUAGE_STANDARD = "gnu++0x";
				CLANG_CXX_LIBRARY = "libc++";
				CLANG_ENABLE_MODULES = YES;
				CLANG_ENABLE_OBJC_ARC = YES;
				CLANG_WARN_BOOL_CONVERSION = YES;
				CLANG_WARN_CONSTANT_CONVERSION = YES;
				CLANG_WARN_DIRECT_OBJC_ISA_USAGE = YES_ERROR;
				CLANG_WARN_DOCUMENTATION_COMMENTS = YES;
				CLANG_WARN_EMPTY_BODY = YES;
				CLANG_WARN_ENUM_CONVERSION = YES;
				CLANG_WARN_INFINITE_RECURSION = YES;
				CLANG_WARN_INT_CONVERSION = YES;
				CLANG_WARN_OBJC_ROOT_CLASS = YES_ERROR;
				CLANG_WARN_SUSPICIOUS_MOVE = YES;
				CLANG_WARN_UNREACHABLE_CODE = YES;
				CLANG_WARN__DUPLICATE_METHOD_MATCH = YES;
				"CODE_SIGN_IDENTITY[sdk=iphoneos*]" = "iPhone Developer";
				COPY_PHASE_STRIP = NO;
				DEBUG_INFORMATION_FORMAT = "dwarf-with-dsym";
				ENABLE_NS_ASSERTIONS = NO;
				ENABLE_STRICT_OBJC_MSGSEND = YES;
				GCC_C_LANGUAGE_STANDARD = gnu99;
				GCC_NO_COMMON_BLOCKS = YES;
				GCC_WARN_64_TO_32_BIT_CONVERSION = YES;
				GCC_WARN_ABOUT_RETURN_TYPE = YES_ERROR;
				GCC_WARN_UNDECLARED_SELECTOR = YES;
				GCC_WARN_UNINITIALIZED_AUTOS = YES_AGGRESSIVE;
				GCC_WARN_UNUSED_FUNCTION = YES;
				GCC_WARN_UNUSED_VARIABLE = YES;
				IPHONEOS_DEPLOYMENT_TARGET = 10.2;
				MTL_ENABLE_DEBUG_INFO = NO;
				SDKROOT = iphoneos;
				SWIFT_OPTIMIZATION_LEVEL = "-Owholemodule";
				VALIDATE_PRODUCT = YES;
			};
			name = Release;
		};
		270FDBF81ED5A3D90047D162 /* Debug */ = {
			isa = XCBuildConfiguration;
			buildSettings = {
				ASSETCATALOG_COMPILER_APPICON_NAME = AppIcon;
				DEVELOPMENT_TEAM = FFJM4LT582;
				INFOPLIST_FILE = Uhome/Info.plist;
				LD_RUNPATH_SEARCH_PATHS = "$(inherited) @executable_path/Frameworks";
				PRODUCT_BUNDLE_IDENTIFIER = com.menhao.www.Uhome;
				PRODUCT_NAME = "$(TARGET_NAME)";
				SWIFT_VERSION = 3.0;
			};
			name = Debug;
		};
		270FDBF91ED5A3D90047D162 /* Release */ = {
			isa = XCBuildConfiguration;
			buildSettings = {
				ASSETCATALOG_COMPILER_APPICON_NAME = AppIcon;
				DEVELOPMENT_TEAM = FFJM4LT582;
				INFOPLIST_FILE = Uhome/Info.plist;
				LD_RUNPATH_SEARCH_PATHS = "$(inherited) @executable_path/Frameworks";
				PRODUCT_BUNDLE_IDENTIFIER = com.menhao.www.Uhome;
				PRODUCT_NAME = "$(TARGET_NAME)";
				SWIFT_VERSION = 3.0;
			};
			name = Release;
		};
/* End XCBuildConfiguration section */

/* Begin XCConfigurationList section */
		270FDBE01ED5A3D90047D162 /* Build configuration list for PBXProject "Uhome" */ = {
			isa = XCConfigurationList;
			buildConfigurations = (
				270FDBF51ED5A3D90047D162 /* Debug */,
				270FDBF61ED5A3D90047D162 /* Release */,
			);
			defaultConfigurationIsVisible = 0;
			defaultConfigurationName = Release;
		};
		270FDBF71ED5A3D90047D162 /* Build configuration list for PBXNativeTarget "Uhome" */ = {
			isa = XCConfigurationList;
			buildConfigurations = (
				270FDBF81ED5A3D90047D162 /* Debug */,
				270FDBF91ED5A3D90047D162 /* Release */,
			);
			defaultConfigurationIsVisible = 0;
		};
/* End XCConfigurationList section */
	};
	rootObject = 270FDBDD1ED5A3D90047D162 /* Project object */;
}
